// !$*UTF8*$!
{
	archiveVersion = 1;
	classes = {
	};
	objectVersion = 50;
	objects = {

/* Begin PBXBuildFile section */
		E914ECF8260D1BC700B585DF /* KeyboardNotificationViewController.swift in Sources */ = {isa = PBXBuildFile; fileRef = E914ECF7260D1BC700B585DF /* KeyboardNotificationViewController.swift */; };
		E91C8D0525FF8CD00094AEC4 /* AppDelegate.swift in Sources */ = {isa = PBXBuildFile; fileRef = E91C8D0425FF8CD00094AEC4 /* AppDelegate.swift */; };
		E91C8D0725FF8CD00094AEC4 /* SceneDelegate.swift in Sources */ = {isa = PBXBuildFile; fileRef = E91C8D0625FF8CD00094AEC4 /* SceneDelegate.swift */; };
		E91C8D0925FF8CD00094AEC4 /* LoginViewController.swift in Sources */ = {isa = PBXBuildFile; fileRef = E91C8D0825FF8CD00094AEC4 /* LoginViewController.swift */; };
		E91C8D0C25FF8CD00094AEC4 /* Main.storyboard in Resources */ = {isa = PBXBuildFile; fileRef = E91C8D0A25FF8CD00094AEC4 /* Main.storyboard */; };
		E91C8D0E25FF8CD10094AEC4 /* Assets.xcassets in Resources */ = {isa = PBXBuildFile; fileRef = E91C8D0D25FF8CD10094AEC4 /* Assets.xcassets */; };
		E91C8D1125FF8CD10094AEC4 /* LaunchScreen.storyboard in Resources */ = {isa = PBXBuildFile; fileRef = E91C8D0F25FF8CD10094AEC4 /* LaunchScreen.storyboard */; };
		E9532C2D2603C1760054F266 /* CustomTextField.swift in Sources */ = {isa = PBXBuildFile; fileRef = E9532C2C2603C1760054F266 /* CustomTextField.swift */; };
		E9532C312603CB450054F266 /* CustomButton.swift in Sources */ = {isa = PBXBuildFile; fileRef = E9532C302603CB450054F266 /* CustomButton.swift */; };
		E95B85A9260CB6B500EC6276 /* TableViewController.swift in Sources */ = {isa = PBXBuildFile; fileRef = E95B85A8260CB6B500EC6276 /* TableViewController.swift */; };
		E95B85AD260CB9B000EC6276 /* TableViewCell.xib in Resources */ = {isa = PBXBuildFile; fileRef = E95B85AC260CB9B000EC6276 /* TableViewCell.xib */; };
		E95B85B0260CBAFA00EC6276 /* TableViewCell.swift in Sources */ = {isa = PBXBuildFile; fileRef = E95B85AF260CBAFA00EC6276 /* TableViewCell.swift */; };
		E95B85B4260CCAC200EC6276 /* GreatTableViewCell.swift in Sources */ = {isa = PBXBuildFile; fileRef = E95B85B2260CCAC200EC6276 /* GreatTableViewCell.swift */; };
		E95B85B5260CCAC200EC6276 /* GreatTableViewCell.xib in Resources */ = {isa = PBXBuildFile; fileRef = E95B85B3260CCAC200EC6276 /* GreatTableViewCell.xib */; };
		E97887BF260A797A00857B41 /* RegisterViewController.swift in Sources */ = {isa = PBXBuildFile; fileRef = E97887BE260A797A00857B41 /* RegisterViewController.swift */; };
/* End PBXBuildFile section */

/* Begin PBXFileReference section */
		E914ECF7260D1BC700B585DF /* KeyboardNotificationViewController.swift */ = {isa = PBXFileReference; lastKnownFileType = sourcecode.swift; path = KeyboardNotificationViewController.swift; sourceTree = "<group>"; };
		E91C8D0125FF8CD00094AEC4 /* interface-builder-task.app */ = {isa = PBXFileReference; explicitFileType = wrapper.application; includeInIndex = 0; path = "interface-builder-task.app"; sourceTree = BUILT_PRODUCTS_DIR; };
		E91C8D0425FF8CD00094AEC4 /* AppDelegate.swift */ = {isa = PBXFileReference; lastKnownFileType = sourcecode.swift; path = AppDelegate.swift; sourceTree = "<group>"; };
		E91C8D0625FF8CD00094AEC4 /* SceneDelegate.swift */ = {isa = PBXFileReference; lastKnownFileType = sourcecode.swift; path = SceneDelegate.swift; sourceTree = "<group>"; };
		E91C8D0825FF8CD00094AEC4 /* LoginViewController.swift */ = {isa = PBXFileReference; lastKnownFileType = sourcecode.swift; path = LoginViewController.swift; sourceTree = "<group>"; };
		E91C8D0B25FF8CD00094AEC4 /* Base */ = {isa = PBXFileReference; lastKnownFileType = file.storyboard; name = Base; path = Base.lproj/Main.storyboard; sourceTree = "<group>"; };
		E91C8D0D25FF8CD10094AEC4 /* Assets.xcassets */ = {isa = PBXFileReference; lastKnownFileType = folder.assetcatalog; path = Assets.xcassets; sourceTree = "<group>"; };
		E91C8D1025FF8CD10094AEC4 /* Base */ = {isa = PBXFileReference; lastKnownFileType = file.storyboard; name = Base; path = Base.lproj/LaunchScreen.storyboard; sourceTree = "<group>"; };
		E91C8D1225FF8CD10094AEC4 /* Info.plist */ = {isa = PBXFileReference; lastKnownFileType = text.plist.xml; path = Info.plist; sourceTree = "<group>"; };
		E9532C2C2603C1760054F266 /* CustomTextField.swift */ = {isa = PBXFileReference; lastKnownFileType = sourcecode.swift; path = CustomTextField.swift; sourceTree = "<group>"; };
		E9532C302603CB450054F266 /* CustomButton.swift */ = {isa = PBXFileReference; lastKnownFileType = sourcecode.swift; path = CustomButton.swift; sourceTree = "<group>"; };
		E95B85A8260CB6B500EC6276 /* TableViewController.swift */ = {isa = PBXFileReference; lastKnownFileType = sourcecode.swift; path = TableViewController.swift; sourceTree = "<group>"; };
		E95B85AC260CB9B000EC6276 /* TableViewCell.xib */ = {isa = PBXFileReference; lastKnownFileType = file.xib; path = TableViewCell.xib; sourceTree = "<group>"; };
		E95B85AF260CBAFA00EC6276 /* TableViewCell.swift */ = {isa = PBXFileReference; lastKnownFileType = sourcecode.swift; path = TableViewCell.swift; sourceTree = "<group>"; };
		E95B85B2260CCAC200EC6276 /* GreatTableViewCell.swift */ = {isa = PBXFileReference; lastKnownFileType = sourcecode.swift; path = GreatTableViewCell.swift; sourceTree = "<group>"; };
		E95B85B3260CCAC200EC6276 /* GreatTableViewCell.xib */ = {isa = PBXFileReference; lastKnownFileType = file.xib; path = GreatTableViewCell.xib; sourceTree = "<group>"; };
		E97887BE260A797A00857B41 /* RegisterViewController.swift */ = {isa = PBXFileReference; lastKnownFileType = sourcecode.swift; path = RegisterViewController.swift; sourceTree = "<group>"; };
/* End PBXFileReference section */

/* Begin PBXFrameworksBuildPhase section */
		E91C8CFE25FF8CD00094AEC4 /* Frameworks */ = {
			isa = PBXFrameworksBuildPhase;
			buildActionMask = 2147483647;
			files = (
			);
			runOnlyForDeploymentPostprocessing = 0;
		};
/* End PBXFrameworksBuildPhase section */

/* Begin PBXGroup section */
		E91C8CF825FF8CD00094AEC4 = {
			isa = PBXGroup;
			children = (
				E91C8D0325FF8CD00094AEC4 /* interface-builder-task */,
				E91C8D0225FF8CD00094AEC4 /* Products */,
			);
			sourceTree = "<group>";
		};
		E91C8D0225FF8CD00094AEC4 /* Products */ = {
			isa = PBXGroup;
			children = (
				E91C8D0125FF8CD00094AEC4 /* interface-builder-task.app */,
			);
			name = Products;
			sourceTree = "<group>";
		};
		E91C8D0325FF8CD00094AEC4 /* interface-builder-task */ = {
			isa = PBXGroup;
			children = (
				E91C8D1225FF8CD10094AEC4 /* Info.plist */,
				E91C8D0425FF8CD00094AEC4 /* AppDelegate.swift */,
				E91C8D0825FF8CD00094AEC4 /* LoginViewController.swift */,
				E97887BE260A797A00857B41 /* RegisterViewController.swift */,
				E91C8D0625FF8CD00094AEC4 /* SceneDelegate.swift */,
				E95B85A8260CB6B500EC6276 /* TableViewController.swift */,
				E91C8D0D25FF8CD10094AEC4 /* Assets.xcassets */,
				E9532C2B2603C1200054F266 /* CustomViews */,
				E91C8D0F25FF8CD10094AEC4 /* LaunchScreen.storyboard */,
				E91C8D0A25FF8CD00094AEC4 /* Main.storyboard */,
				E95B85AB260CB98600EC6276 /* Rows */,
				E914ECF7260D1BC700B585DF /* KeyboardNotificationViewController.swift */,
			);
			path = "interface-builder-task";
			sourceTree = "<group>";
		};
		E9532C2B2603C1200054F266 /* CustomViews */ = {
			isa = PBXGroup;
			children = (
				E9532C2C2603C1760054F266 /* CustomTextField.swift */,
				E9532C302603CB450054F266 /* CustomButton.swift */,
			);
			path = CustomViews;
			sourceTree = "<group>";
		};
		E95B85AB260CB98600EC6276 /* Rows */ = {
			isa = PBXGroup;
			children = (
				E95B85AC260CB9B000EC6276 /* TableViewCell.xib */,
				E95B85AF260CBAFA00EC6276 /* TableViewCell.swift */,
				E95B85B2260CCAC200EC6276 /* GreatTableViewCell.swift */,
				E95B85B3260CCAC200EC6276 /* GreatTableViewCell.xib */,
			);
			path = Rows;
			sourceTree = "<group>";
		};
/* End PBXGroup section */

/* Begin PBXNativeTarget section */
		E91C8D0025FF8CD00094AEC4 /* interface-builder-task */ = {
			isa = PBXNativeTarget;
			buildConfigurationList = E91C8D1525FF8CD10094AEC4 /* Build configuration list for PBXNativeTarget "interface-builder-task" */;
			buildPhases = (
				E91C8CFD25FF8CD00094AEC4 /* Sources */,
				E91C8CFE25FF8CD00094AEC4 /* Frameworks */,
				E91C8CFF25FF8CD00094AEC4 /* Resources */,
			);
			buildRules = (
			);
			dependencies = (
			);
			name = "interface-builder-task";
			productName = "interface-builder-task";
			productReference = E91C8D0125FF8CD00094AEC4 /* interface-builder-task.app */;
			productType = "com.apple.product-type.application";
		};
/* End PBXNativeTarget section */

/* Begin PBXProject section */
		E91C8CF925FF8CD00094AEC4 /* Project object */ = {
			isa = PBXProject;
			attributes = {
				LastSwiftUpdateCheck = 1230;
				LastUpgradeCheck = 1230;
				TargetAttributes = {
					E91C8D0025FF8CD00094AEC4 = {
						CreatedOnToolsVersion = 12.3;
					};
				};
			};
			buildConfigurationList = E91C8CFC25FF8CD00094AEC4 /* Build configuration list for PBXProject "interface-builder-task" */;
			compatibilityVersion = "Xcode 9.3";
			developmentRegion = en;
			hasScannedForEncodings = 0;
			knownRegions = (
				en,
				Base,
			);
			mainGroup = E91C8CF825FF8CD00094AEC4;
			productRefGroup = E91C8D0225FF8CD00094AEC4 /* Products */;
			projectDirPath = "";
			projectRoot = "";
			targets = (
				E91C8D0025FF8CD00094AEC4 /* interface-builder-task */,
			);
		};
/* End PBXProject section */

/* Begin PBXResourcesBuildPhase section */
		E91C8CFF25FF8CD00094AEC4 /* Resources */ = {
			isa = PBXResourcesBuildPhase;
			buildActionMask = 2147483647;
			files = (
				E91C8D1125FF8CD10094AEC4 /* LaunchScreen.storyboard in Resources */,
				E95B85B5260CCAC200EC6276 /* GreatTableViewCell.xib in Resources */,
				E95B85AD260CB9B000EC6276 /* TableViewCell.xib in Resources */,
				E91C8D0E25FF8CD10094AEC4 /* Assets.xcassets in Resources */,
				E91C8D0C25FF8CD00094AEC4 /* Main.storyboard in Resources */,
			);
			runOnlyForDeploymentPostprocessing = 0;
		};
/* End PBXResourcesBuildPhase section */

/* Begin PBXSourcesBuildPhase section */
		E91C8CFD25FF8CD00094AEC4 /* Sources */ = {
			isa = PBXSourcesBuildPhase;
			buildActionMask = 2147483647;
			files = (
				E9532C2D2603C1760054F266 /* CustomTextField.swift in Sources */,
				E95B85B4260CCAC200EC6276 /* GreatTableViewCell.swift in Sources */,
				E914ECF8260D1BC700B585DF /* KeyboardNotificationViewController.swift in Sources */,
				E95B85B0260CBAFA00EC6276 /* TableViewCell.swift in Sources */,
				E95B85A9260CB6B500EC6276 /* TableViewController.swift in Sources */,
				E91C8D0925FF8CD00094AEC4 /* LoginViewController.swift in Sources */,
				E91C8D0525FF8CD00094AEC4 /* AppDelegate.swift in Sources */,
				E97887BF260A797A00857B41 /* RegisterViewController.swift in Sources */,
				E91C8D0725FF8CD00094AEC4 /* SceneDelegate.swift in Sources */,
				E9532C312603CB450054F266 /* CustomButton.swift in Sources */,
			);
			runOnlyForDeploymentPostprocessing = 0;
		};
/* End PBXSourcesBuildPhase section */

/* Begin PBXVariantGroup section */
		E91C8D0A25FF8CD00094AEC4 /* Main.storyboard */ = {
			isa = PBXVariantGroup;
			children = (
				E91C8D0B25FF8CD00094AEC4 /* Base */,
			);
			name = Main.storyboard;
			sourceTree = "<group>";
		};
		E91C8D0F25FF8CD10094AEC4 /* LaunchScreen.storyboard */ = {
			isa = PBXVariantGroup;
			children = (
				E91C8D1025FF8CD10094AEC4 /* Base */,
			);
			name = LaunchScreen.storyboard;
			sourceTree = "<group>";
		};
/* End PBXVariantGroup section */

/* Begin XCBuildConfiguration section */
		E91C8D1325FF8CD10094AEC4 /* Debug */ = {
			isa = XCBuildConfiguration;
			buildSettings = {
				ALWAYS_SEARCH_USER_PATHS = NO;
				CLANG_ANALYZER_NONNULL = YES;
				CLANG_ANALYZER_NUMBER_OBJECT_CONVERSION = YES_AGGRESSIVE;
				CLANG_CXX_LANGUAGE_STANDARD = "gnu++14";
				CLANG_CXX_LIBRARY = "libc++";
				CLANG_ENABLE_MODULES = YES;
				CLANG_ENABLE_OBJC_ARC = YES;
				CLANG_ENABLE_OBJC_WEAK = YES;
				CLANG_WARN_BLOCK_CAPTURE_AUTORELEASING = YES;
				CLANG_WARN_BOOL_CONVERSION = YES;
				CLANG_WARN_COMMA = YES;
				CLANG_WARN_CONSTANT_CONVERSION = YES;
				CLANG_WARN_DEPRECATED_OBJC_IMPLEMENTATIONS = YES;
				CLANG_WARN_DIRECT_OBJC_ISA_USAGE = YES_ERROR;
				CLANG_WARN_DOCUMENTATION_COMMENTS = YES;
				CLANG_WARN_EMPTY_BODY = YES;
				CLANG_WARN_ENUM_CONVERSION = YES;
				CLANG_WARN_INFINITE_RECURSION = YES;
				CLANG_WARN_INT_CONVERSION = YES;
				CLANG_WARN_NON_LITERAL_NULL_CONVERSION = YES;
				CLANG_WARN_OBJC_IMPLICIT_RETAIN_SELF = YES;
				CLANG_WARN_OBJC_LITERAL_CONVERSION = YES;
				CLANG_WARN_OBJC_ROOT_CLASS = YES_ERROR;
				CLANG_WARN_QUOTED_INCLUDE_IN_FRAMEWORK_HEADER = YES;
				CLANG_WARN_RANGE_LOOP_ANALYSIS = YES;
				CLANG_WARN_STRICT_PROTOTYPES = YES;
				CLANG_WARN_SUSPICIOUS_MOVE = YES;
				CLANG_WARN_UNGUARDED_AVAILABILITY = YES_AGGRESSIVE;
				CLANG_WARN_UNREACHABLE_CODE = YES;
				CLANG_WARN__DUPLICATE_METHOD_MATCH = YES;
				COPY_PHASE_STRIP = NO;
				DEBUG_INFORMATION_FORMAT = dwarf;
				ENABLE_STRICT_OBJC_MSGSEND = YES;
				ENABLE_TESTABILITY = YES;
				GCC_C_LANGUAGE_STANDARD = gnu11;
				GCC_DYNAMIC_NO_PIC = NO;
				GCC_NO_COMMON_BLOCKS = YES;
				GCC_OPTIMIZATION_LEVEL = 0;
				GCC_PREPROCESSOR_DEFINITIONS = (
					"DEBUG=1",
					"$(inherited)",
				);
				GCC_WARN_64_TO_32_BIT_CONVERSION = YES;
				GCC_WARN_ABOUT_RETURN_TYPE = YES_ERROR;
				GCC_WARN_UNDECLARED_SELECTOR = YES;
				GCC_WARN_UNINITIALIZED_AUTOS = YES_AGGRESSIVE;
				GCC_WARN_UNUSED_FUNCTION = YES;
				GCC_WARN_UNUSED_VARIABLE = YES;
				IPHONEOS_DEPLOYMENT_TARGET = 14.3;
				MTL_ENABLE_DEBUG_INFO = INCLUDE_SOURCE;
				MTL_FAST_MATH = YES;
				ONLY_ACTIVE_ARCH = YES;
				SDKROOT = iphoneos;
				SWIFT_ACTIVE_COMPILATION_CONDITIONS = DEBUG;
				SWIFT_OPTIMIZATION_LEVEL = "-Onone";
			};
			name = Debug;
		};
		E91C8D1425FF8CD10094AEC4 /* Release */ = {
			isa = XCBuildConfiguration;
			buildSettings = {
				ALWAYS_SEARCH_USER_PATHS = NO;
				CLANG_ANALYZER_NONNULL = YES;
				CLANG_ANALYZER_NUMBER_OBJECT_CONVERSION = YES_AGGRESSIVE;
				CLANG_CXX_LANGUAGE_STANDARD = "gnu++14";
				CLANG_CXX_LIBRARY = "libc++";
				CLANG_ENABLE_MODULES = YES;
				CLANG_ENABLE_OBJC_ARC = YES;
				CLANG_ENABLE_OBJC_WEAK = YES;
				CLANG_WARN_BLOCK_CAPTURE_AUTORELEASING = YES;
				CLANG_WARN_BOOL_CONVERSION = YES;
				CLANG_WARN_COMMA = YES;
				CLANG_WARN_CONSTANT_CONVERSION = YES;
				CLANG_WARN_DEPRECATED_OBJC_IMPLEMENTATIONS = YES;
				CLANG_WARN_DIRECT_OBJC_ISA_USAGE = YES_ERROR;
				CLANG_WARN_DOCUMENTATION_COMMENTS = YES;
				CLANG_WARN_EMPTY_BODY = YES;
				CLANG_WARN_ENUM_CONVERSION = YES;
				CLANG_WARN_INFINITE_RECURSION = YES;
				CLANG_WARN_INT_CONVERSION = YES;
				CLANG_WARN_NON_LITERAL_NULL_CONVERSION = YES;
				CLANG_WARN_OBJC_IMPLICIT_RETAIN_SELF = YES;
				CLANG_WARN_OBJC_LITERAL_CONVERSION = YES;
				CLANG_WARN_OBJC_ROOT_CLASS = YES_ERROR;
				CLANG_WARN_QUOTED_INCLUDE_IN_FRAMEWORK_HEADER = YES;
				CLANG_WARN_RANGE_LOOP_ANALYSIS = YES;
				CLANG_WARN_STRICT_PROTOTYPES = YES;
				CLANG_WARN_SUSPICIOUS_MOVE = YES;
				CLANG_WARN_UNGUARDED_AVAILABILITY = YES_AGGRESSIVE;
				CLANG_WARN_UNREACHABLE_CODE = YES;
				CLANG_WARN__DUPLICATE_METHOD_MATCH = YES;
				COPY_PHASE_STRIP = NO;
				DEBUG_INFORMATION_FORMAT = "dwarf-with-dsym";
				ENABLE_NS_ASSERTIONS = NO;
				ENABLE_STRICT_OBJC_MSGSEND = YES;
				GCC_C_LANGUAGE_STANDARD = gnu11;
				GCC_NO_COMMON_BLOCKS = YES;
				GCC_WARN_64_TO_32_BIT_CONVERSION = YES;
				GCC_WARN_ABOUT_RETURN_TYPE = YES_ERROR;
				GCC_WARN_UNDECLARED_SELECTOR = YES;
				GCC_WARN_UNINITIALIZED_AUTOS = YES_AGGRESSIVE;
				GCC_WARN_UNUSED_FUNCTION = YES;
				GCC_WARN_UNUSED_VARIABLE = YES;
				IPHONEOS_DEPLOYMENT_TARGET = 14.3;
				MTL_ENABLE_DEBUG_INFO = NO;
				MTL_FAST_MATH = YES;
				SDKROOT = iphoneos;
				SWIFT_COMPILATION_MODE = wholemodule;
				SWIFT_OPTIMIZATION_LEVEL = "-O";
				VALIDATE_PRODUCT = YES;
			};
			name = Release;
		};
		E91C8D1625FF8CD10094AEC4 /* Debug */ = {
			isa = XCBuildConfiguration;
			buildSettings = {
				ASSETCATALOG_COMPILER_APPICON_NAME = AppIcon;
				ASSETCATALOG_COMPILER_GLOBAL_ACCENT_COLOR_NAME = AccentColor;
				CODE_SIGN_STYLE = Automatic;
				DEVELOPMENT_TEAM = JXK5353KTH;
				INFOPLIST_FILE = "interface-builder-task/Info.plist";
				LD_RUNPATH_SEARCH_PATHS = (
					"$(inherited)",
					"@executable_path/Frameworks",
				);
				PRODUCT_BUNDLE_IDENTIFIER = "dev.kramlex.interface-builder-task";
				PRODUCT_NAME = "$(TARGET_NAME)";
				SWIFT_VERSION = 5.0;
				TARGETED_DEVICE_FAMILY = "1,2";
			};
			name = Debug;
		};
		E91C8D1725FF8CD10094AEC4 /* Release */ = {
			isa = XCBuildConfiguration;
			buildSettings = {
				ASSETCATALOG_COMPILER_APPICON_NAME = AppIcon;
				ASSETCATALOG_COMPILER_GLOBAL_ACCENT_COLOR_NAME = AccentColor;
				CODE_SIGN_STYLE = Automatic;
				DEVELOPMENT_TEAM = JXK5353KTH;
				INFOPLIST_FILE = "interface-builder-task/Info.plist";
				LD_RUNPATH_SEARCH_PATHS = (
					"$(inherited)",
					"@executable_path/Frameworks",
				);
				PRODUCT_BUNDLE_IDENTIFIER = "dev.kramlex.interface-builder-task";
				PRODUCT_NAME = "$(TARGET_NAME)";
				SWIFT_VERSION = 5.0;
				TARGETED_DEVICE_FAMILY = "1,2";
			};
			name = Release;
		};
/* End XCBuildConfiguration section */

/* Begin XCConfigurationList section */
		E91C8CFC25FF8CD00094AEC4 /* Build configuration list for PBXProject "interface-builder-task" */ = {
			isa = XCConfigurationList;
			buildConfigurations = (
				E91C8D1325FF8CD10094AEC4 /* Debug */,
				E91C8D1425FF8CD10094AEC4 /* Release */,
			);
			defaultConfigurationIsVisible = 0;
			defaultConfigurationName = Release;
		};
		E91C8D1525FF8CD10094AEC4 /* Build configuration list for PBXNativeTarget "interface-builder-task" */ = {
			isa = XCConfigurationList;
			buildConfigurations = (
				E91C8D1625FF8CD10094AEC4 /* Debug */,
				E91C8D1725FF8CD10094AEC4 /* Release */,
			);
			defaultConfigurationIsVisible = 0;
			defaultConfigurationName = Release;
		};
/* End XCConfigurationList section */
	};
	rootObject = E91C8CF925FF8CD00094AEC4 /* Project object */;
}
